
Microsoft Visual Studio Solution File, Format Version 12.00
# Visual Studio Version 16
VisualStudioVersion = 16.0.30114.128
MinimumVisualStudioVersion = 10.0.40219.1
Project("{FAE04EC0-301F-11D3-BF4B-00C04F79EFBC}") = "BlazorVaruska.Server", "Server\BlazorVaruska.Server.csproj", "{D1B3CEB0-FEAF-4863-BB21-89EC62E6A72D}"
EndProject
Project("{FAE04EC0-301F-11D3-BF4B-00C04F79EFBC}") = "BlazorVaruska.Client", "Client\BlazorVaruska.Client.csproj", "{7C0103B9-B5A2-43DA-A8AC-6207E283715A}"
EndProject
Project("{FAE04EC0-301F-11D3-BF4B-00C04F79EFBC}") = "BlazorVaruska.Shared", "Shared\BlazorVaruska.Shared.csproj", "{D427E712-FE8B-41B7-A9E5-AB6546C109EC}"
EndProject
Global
	GlobalSection(SolutionConfigurationPlatforms) = preSolution
		Debug|Any CPU = Debug|Any CPU
		Release|Any CPU = Release|Any CPU
	EndGlobalSection
	GlobalSection(ProjectConfigurationPlatforms) = postSolution
		{D1B3CEB0-FEAF-4863-BB21-89EC62E6A72D}.Debug|Any CPU.ActiveCfg = Debug|Any CPU
		{D1B3CEB0-FEAF-4863-BB21-89EC62E6A72D}.Debug|Any CPU.Build.0 = Debug|Any CPU
		{D1B3CEB0-FEAF-4863-BB21-89EC62E6A72D}.Release|Any CPU.ActiveCfg = Release|Any CPU
		{D1B3CEB0-FEAF-4863-BB21-89EC62E6A72D}.Release|Any CPU.Build.0 = Release|Any CPU
		{7C0103B9-B5A2-43DA-A8AC-6207E283715A}.Debug|Any CPU.ActiveCfg = Debug|Any CPU
		{7C0103B9-B5A2-43DA-A8AC-6207E283715A}.Debug|Any CPU.Build.0 = Debug|Any CPU
		{7C0103B9-B5A2-43DA-A8AC-6207E283715A}.Release|Any CPU.ActiveCfg = Release|Any CPU
		{7C0103B9-B5A2-43DA-A8AC-6207E283715A}.Release|Any CPU.Build.0 = Release|Any CPU
		{D427E712-FE8B-41B7-A9E5-AB6546C109EC}.Debug|Any CPU.ActiveCfg = Debug|Any CPU
		{D427E712-FE8B-41B7-A9E5-AB6546C109EC}.Debug|Any CPU.Build.0 = Debug|Any CPU
		{D427E712-FE8B-41B7-A9E5-AB6546C109EC}.Release|Any CPU.ActiveCfg = Release|Any CPU
		{D427E712-FE8B-41B7-A9E5-AB6546C109EC}.Release|Any CPU.Build.0 = Release|Any CPU
	EndGlobalSection
	GlobalSection(SolutionProperties) = preSolution
		HideSolutionNode = FALSE
	EndGlobalSection
	GlobalSection(ExtensibilityGlobals) = postSolution
		SolutionGuid = {8B05D621-12DF-44C3-AA2F-5D996F9B7F7E}
	EndGlobalSection
EndGlobal
